
Microsoft Visual Studio Solution File, Format Version 12.00
# Visual Studio Version 17
VisualStudioVersion = 17.7.34031.279
MinimumVisualStudioVersion = 10.0.40219.1
Project("{FAE04EC0-301F-11D3-BF4B-00C04F79EFBC}") = "SalesWeb", "SalesWeb\SalesWeb.csproj", "{77A43961-BBCD-4C19-8ACE-9748BCD941EF}"
EndProject
Global
	GlobalSection(SolutionConfigurationPlatforms) = preSolution
		Debug|Any CPU = Debug|Any CPU
		Release|Any CPU = Release|Any CPU
	EndGlobalSection
	GlobalSection(ProjectConfigurationPlatforms) = postSolution
		{77A43961-BBCD-4C19-8ACE-9748BCD941EF}.Debug|Any CPU.ActiveCfg = Debug|Any CPU
		{77A43961-BBCD-4C19-8ACE-9748BCD941EF}.Debug|Any CPU.Build.0 = Debug|Any CPU
		{77A43961-BBCD-4C19-8ACE-9748BCD941EF}.Release|Any CPU.ActiveCfg = Release|Any CPU
		{77A43961-BBCD-4C19-8ACE-9748BCD941EF}.Release|Any CPU.Build.0 = Release|Any CPU
	EndGlobalSection
	GlobalSection(SolutionProperties) = preSolution
		HideSolutionNode = FALSE
	EndGlobalSection
	GlobalSection(ExtensibilityGlobals) = postSolution
		SolutionGuid = {0784310A-9E72-48C2-A883-B60E1AD85E8B}
	EndGlobalSection
EndGlobal
